// !$*UTF8*$!
{
	archiveVersion = 1;
	classes = {
	};
	objectVersion = 50;
	objects = {

/* Begin PBXBuildFile section */
		3D0E7B8F1E8B8C8A00B5C9B5 /* main.m in Sources */ = {isa = PBXBuildFile; fileRef = 3D0E7B8E1E8B8C8A00B5C9B5 /* main.m */; };
		3D0E7B921E8B8C8A00B5C9B5 /* AppDelegate.m in Sources */ = {isa = PBXBuildFile; fileRef = 3D0E7B911E8B8C8A00B5C9B5 /* AppDelegate.m */; };
		3D0E7B951E8B8C8A00B5C9B5 /* DashboardViewController.m in Sources */ = {isa = PBXBuildFile; fileRef = 3D0E7B941E8B8C8A00B5C9B5 /* DashboardViewController.m */; };
		3D0E7B981E8B8C8A00B5C9B5 /* Main.storyboard in Resources */ = {isa = PBXBuildFile; fileRef = 3D0E7B961E8B8C8A00B5C9B5 /* Main.storyboard */; };
		3D0E7B9A1E8B8C8A00B5C9B5 /* Assets.xcassets in Resources */ = {isa = PBXBuildFile; fileRef = 3D0E7B991E8B8C8A00B5C9B5 /* Assets.xcassets */; };
		3D0E7B9D1E8B8C8A00B5C9B5 /* LaunchScreen.storyboard in Resources */ = {isa = PBXBuildFile; fileRef = 3D0E7B9B1E8B8C8A00B5C9B5 /* LaunchScreen.storyboard */; };
		3D0E7BA51E8B8CEA00B5C9B5 /* HomeAssistantClient.m in Sources */ = {isa = PBXBuildFile; fileRef = 3D0E7BA41E8B8CEA00B5C9B5 /* HomeAssistantClient.m */; };
		3D0E7BA81E8B8D0000B5C9B5 /* ConfigurationViewController.m in Sources */ = {isa = PBXBuildFile; fileRef = 3D0E7BA71E8B8D0000B5C9B5 /* ConfigurationViewController.m */; };
		3D0E7BAA1E8B8D1000B5C9B5 /* EntitySettingsViewController.m in Sources */ = {isa = PBXBuildFile; fileRef = 3D0E7BA91E8B8D1000B5C9B5 /* EntitySettingsViewController.m */; };
		3D0E7BAC1E8B8D2000B5C9B5 /* EntityCardCell.m in Sources */ = {isa = PBXBuildFile; fileRef = 3D0E7BAB1E8B8D2000B5C9B5 /* EntityCardCell.m */; };
		98512429CFCFD3E80AA01292 /* EntitySelectionViewController.m in Sources */ = {isa = PBXBuildFile; fileRef = 79BABE2B14F6CD66E0DA5967 /* EntitySelectionViewController.m */; };
		F44165B1A84A4431BB5BA8F2 /* CustomPopupViewController.m in Sources */ = {isa = PBXBuildFile; fileRef = 995AE90E56A5453ABD549115 /* CustomPopupViewController.m */; };
		074FF8890754473B9C791351 /* WhiteboardGridLayout.m in Sources */ = {isa = PBXBuildFile; fileRef = B9DF490689F84031B2F93DC1 /* WhiteboardGridLayout.m */; };
		F64654EC7D5144F95BF829D9 /* EmptyGridSlotView.m in Sources */ = {isa = PBXBuildFile; fileRef = 7DEB6D15C6AE48B4945C75C2 /* EmptyGridSlotView.m */; };
		A1B2C3D4E5F6789012345678 /* ImagePreviewViewController.m in Sources */ = {isa = PBXBuildFile; fileRef = 9A8B7C6D5E4F321098765432 /* ImagePreviewViewController.m */; };
		0F295A529CC4D88D1E529924 /* AlarmControlPanelView.m in Sources */ = {isa = PBXBuildFile; fileRef = FD9DEC8A63D5355D17924751 /* AlarmControlPanelView.m */; };
		DC2A7B5FA11E7DC94C9D495C /* AutomationView.m in Sources */ = {isa = PBXBuildFile; fileRef = 862E262D3CC979BCE826829B /* AutomationView.m */; };
		CBE336772925873B6946E476 /* BaseEntityView.m in Sources */ = {isa = PBXBuildFile; fileRef = F5E55F5E7259C2999270974E /* BaseEntityView.m */; };
		5EDACB10429C832C99171F58 /* BinarySensorView.m in Sources */ = {isa = PBXBuildFile; fileRef = 1BF4602B3F44DCB263AE0366 /* BinarySensorView.m */; };
		16529329BCD541BFD8B55F26 /* CameraView.m in Sources */ = {isa = PBXBuildFile; fileRef = A09D26053266C0959BDF9205 /* CameraView.m */; };
		3B8733D947549ECE9E755891 /* ClimateView.m in Sources */ = {isa = PBXBuildFile; fileRef = 4B0AFD6A1662B6B0C5FDD5F6 /* ClimateView.m */; };
		E58BCACE9E39E492BCDA9D7C /* CoverView.m in Sources */ = {isa = PBXBuildFile; fileRef = B0CB8A9E41FC93F7DA431663 /* CoverView.m */; };
		D1530D5E19A984EA62CDBA12 /* EntityViewFactory.m in Sources */ = {isa = PBXBuildFile; fileRef = DD03824587A888284E69E8F6 /* EntityViewFactory.m */; };
		3A19937A03AED870FA11417F /* FanView.m in Sources */ = {isa = PBXBuildFile; fileRef = E731A3EBB8B9B75E8F532AF7 /* FanView.m */; };
		614F2ED2EB71F18E8836818C /* HumidifierView.m in Sources */ = {isa = PBXBuildFile; fileRef = 0A619C9F0DA7BA78D9ACD559 /* HumidifierView.m */; };
		F57DA41F15AE904E92A95A13 /* InputBooleanView.m in Sources */ = {isa = PBXBuildFile; fileRef = BDB26292D0CC8CA5B0BD89C7 /* InputBooleanView.m */; };
		2D97750BDEE8DF0225D23AFF /* InputDateTimeView.m in Sources */ = {isa = PBXBuildFile; fileRef = C368A09C2D94457AF6B7DAF6 /* InputDateTimeView.m */; };
		DDD1845EBC89DF95EE662A69 /* InputNumberView.m in Sources */ = {isa = PBXBuildFile; fileRef = 2596218CA6EADD82BEA15BF0 /* InputNumberView.m */; };
		615E411B44B572D3A8267F1B /* InputSelectView.m in Sources */ = {isa = PBXBuildFile; fileRef = 6C51A9C0408015A4A61913C1 /* InputSelectView.m */; };
		7D2F6E7EF2A04190BE440EFD /* LightView.m in Sources */ = {isa = PBXBuildFile; fileRef = 1B44DC521C963F02F4FEB303 /* LightView.m */; };
		D70599A9D8AF2EDDDB9D7FEF /* LockView.m in Sources */ = {isa = PBXBuildFile; fileRef = 9D70DC13315C31C3826B5F26 /* LockView.m */; };
		7AE403FF41EBED93380FDE4F /* MediaPlayerView.m in Sources */ = {isa = PBXBuildFile; fileRef = 460C368E5B68EBE7184A377C /* MediaPlayerView.m */; };
		877E5D641A8E7EECFC343B69 /* PersonView.m in Sources */ = {isa = PBXBuildFile; fileRef = BC588A11CB8AA2E40AC35109 /* PersonView.m */; };
		02467A49F0C7F43CA650103F /* SceneView.m in Sources */ = {isa = PBXBuildFile; fileRef = F76FC9D2C7AF57A911B6A8B3 /* SceneView.m */; };
		859A5A840CE362F830F20089 /* ScriptView.m in Sources */ = {isa = PBXBuildFile; fileRef = 96274AECC49B61F39B9AD5E7 /* ScriptView.m */; };
		4D955742EFBD8B4617AFA3A5 /* SensorView.m in Sources */ = {isa = PBXBuildFile; fileRef = 79FC9030CA4A69AAA52719D9 /* SensorView.m */; };
		C1748F9B99A04D0B61328DF0 /* SwitchView.m in Sources */ = {isa = PBXBuildFile; fileRef = 4B5AFEE5F4864B21F6D75288 /* SwitchView.m */; };
		C425D5A7C329ADA2AD3364D7 /* UIColor+HAiPAD.m in Sources */ = {isa = PBXBuildFile; fileRef = A31EC81C8C8BF6AF0A067B05 /* UIColor+HAiPAD.m */; };
/* End PBXBuildFile section */

/* Begin PBXFileReference section */
		3D0E7B8A1E8B8C8A00B5C9B5 /* HAiPAD.app */ = {isa = PBXFileReference; explicitFileType = wrapper.application; includeInIndex = 0; path = HAiPAD.app; sourceTree = BUILT_PRODUCTS_DIR; };
		3D0E7B8E1E8B8C8A00B5C9B5 /* main.m */ = {isa = PBXFileReference; lastKnownFileType = sourcecode.c.objc; path = main.m; sourceTree = "<group>"; };
		3D0E7B901E8B8C8A00B5C9B5 /* AppDelegate.h */ = {isa = PBXFileReference; lastKnownFileType = sourcecode.c.h; path = AppDelegate.h; sourceTree = "<group>"; };
		3D0E7B911E8B8C8A00B5C9B5 /* AppDelegate.m */ = {isa = PBXFileReference; lastKnownFileType = sourcecode.c.objc; path = AppDelegate.m; sourceTree = "<group>"; };
		3D0E7B931E8B8C8A00B5C9B5 /* DashboardViewController.h */ = {isa = PBXFileReference; lastKnownFileType = sourcecode.c.h; path = DashboardViewController.h; sourceTree = "<group>"; };
		3D0E7B941E8B8C8A00B5C9B5 /* DashboardViewController.m */ = {isa = PBXFileReference; lastKnownFileType = sourcecode.c.objc; path = DashboardViewController.m; sourceTree = "<group>"; };
		3D0E7B971E8B8C8A00B5C9B5 /* Base */ = {isa = PBXFileReference; lastKnownFileType = file.storyboard; name = Base; path = Base.lproj/Main.storyboard; sourceTree = "<group>"; };
		3D0E7B991E8B8C8A00B5C9B5 /* Assets.xcassets */ = {isa = PBXFileReference; lastKnownFileType = folder.assetcatalog; path = Assets.xcassets; sourceTree = "<group>"; };
		3D0E7B9C1E8B8C8A00B5C9B5 /* Base */ = {isa = PBXFileReference; lastKnownFileType = file.storyboard; name = Base; path = Base.lproj/LaunchScreen.storyboard; sourceTree = "<group>"; };
		3D0E7B9E1E8B8C8A00B5C9B5 /* Info.plist */ = {isa = PBXFileReference; lastKnownFileType = text.plist.xml; path = Info.plist; sourceTree = "<group>"; };
		3D0E7BA31E8B8CEA00B5C9B5 /* HomeAssistantClient.h */ = {isa = PBXFileReference; lastKnownFileType = sourcecode.c.h; path = HomeAssistantClient.h; sourceTree = "<group>"; };
		3D0E7BA41E8B8CEA00B5C9B5 /* HomeAssistantClient.m */ = {isa = PBXFileReference; lastKnownFileType = sourcecode.c.objc; path = HomeAssistantClient.m; sourceTree = "<group>"; };
		3D0E7BA61E8B8D0000B5C9B5 /* ConfigurationViewController.h */ = {isa = PBXFileReference; lastKnownFileType = sourcecode.c.h; path = ConfigurationViewController.h; sourceTree = "<group>"; };
		3D0E7BA71E8B8D0000B5C9B5 /* ConfigurationViewController.m */ = {isa = PBXFileReference; lastKnownFileType = sourcecode.c.objc; path = ConfigurationViewController.m; sourceTree = "<group>"; };
		3D0E7BA81E8B8D1000B5C9B5 /* EntitySettingsViewController.h */ = {isa = PBXFileReference; lastKnownFileType = sourcecode.c.h; path = EntitySettingsViewController.h; sourceTree = "<group>"; };
		3D0E7BA91E8B8D1000B5C9B5 /* EntitySettingsViewController.m */ = {isa = PBXFileReference; lastKnownFileType = sourcecode.c.objc; path = EntitySettingsViewController.m; sourceTree = "<group>"; };
		3D0E7BAA1E8B8D2000B5C9B5 /* EntityCardCell.h */ = {isa = PBXFileReference; lastKnownFileType = sourcecode.c.h; path = EntityCardCell.h; sourceTree = "<group>"; };
		3D0E7BAB1E8B8D2000B5C9B5 /* EntityCardCell.m */ = {isa = PBXFileReference; lastKnownFileType = sourcecode.c.objc; path = EntityCardCell.m; sourceTree = "<group>"; };
		6AC2054CD35CC03BF682AD52 /* EntitySelectionViewController.h */ = {isa = PBXFileReference; lastKnownFileType = sourcecode.c.h; path = EntitySelectionViewController.h; sourceTree = "<group>"; };
		79BABE2B14F6CD66E0DA5967 /* EntitySelectionViewController.m */ = {isa = PBXFileReference; lastKnownFileType = sourcecode.c.objc; path = EntitySelectionViewController.m; sourceTree = "<group>"; };
		06D8AE62F95F48BBBDF5D653 /* CustomPopupViewController.h */ = {isa = PBXFileReference; lastKnownFileType = sourcecode.c.h; path = CustomPopupViewController.h; sourceTree = "<group>"; };
		995AE90E56A5453ABD549115 /* CustomPopupViewController.m */ = {isa = PBXFileReference; lastKnownFileType = sourcecode.c.objc; path = CustomPopupViewController.m; sourceTree = "<group>"; };
		976E357ACEFD4CC5BF1FE136 /* WhiteboardGridLayout.h */ = {isa = PBXFileReference; lastKnownFileType = sourcecode.c.h; path = WhiteboardGridLayout.h; sourceTree = "<group>"; };
		B9DF490689F84031B2F93DC1 /* WhiteboardGridLayout.m */ = {isa = PBXFileReference; lastKnownFileType = sourcecode.c.objc; path = WhiteboardGridLayout.m; sourceTree = "<group>"; };
		8B2B8828AE574835A0C14CB4 /* EmptyGridSlotView.h */ = {isa = PBXFileReference; lastKnownFileType = sourcecode.c.h; path = EmptyGridSlotView.h; sourceTree = "<group>"; };
		7DEB6D15C6AE48B4945C75C2 /* EmptyGridSlotView.m */ = {isa = PBXFileReference; lastKnownFileType = sourcecode.c.objc; path = EmptyGridSlotView.m; sourceTree = "<group>"; };
		1F2E3D4C5B6A7890FEDCBA98 /* ImagePreviewViewController.h */ = {isa = PBXFileReference; lastKnownFileType = sourcecode.c.h; path = ImagePreviewViewController.h; sourceTree = "<group>"; };
		9A8B7C6D5E4F321098765432 /* ImagePreviewViewController.m */ = {isa = PBXFileReference; lastKnownFileType = sourcecode.c.objc; path = ImagePreviewViewController.m; sourceTree = "<group>"; };
/* End PBXFileReference section */

/* Begin PBXFrameworksBuildPhase section */
		3D0E7B871E8B8C8A00B5C9B5 /* Frameworks */ = {
			isa = PBXFrameworksBuildPhase;
			buildActionMask = 2147483647;
			files = (
			);
			runOnlyForDeploymentPostprocessing = 0;
		};
/* End PBXFrameworksBuildPhase section */

/* Begin PBXGroup section */
		3D0E7B811E8B8C8A00B5C9B5 = {
			isa = PBXGroup;
			children = (
				3D0E7B8C1E8B8C8A00B5C9B5 /* HAiPAD */,
				3D0E7B8B1E8B8C8A00B5C9B5 /* Products */,
			);
			sourceTree = "<group>";
		};
		3D0E7B8B1E8B8C8A00B5C9B5 /* Products */ = {
			isa = PBXGroup;
			children = (
				3D0E7B8A1E8B8C8A00B5C9B5 /* HAiPAD.app */,
			);
			name = Products;
			sourceTree = "<group>";
		};
		3D0E7B8C1E8B8C8A00B5C9B5 /* HAiPAD */ = {
			isa = PBXGroup;
			children = (
				3D0E7BA21E8B8CCC00B5C9B5 /* Models */,
				3D0E7BA11E8B8CC400B5C9B5 /* Views */,
				3D0E7BA01E8B8CBE00B5C9B5 /* Controllers */,
				3D0E7B9F1E8B8CB500B5C9B5 /* Supporting Files */,
			);
			path = HAiPAD;
			sourceTree = "<group>";
		};
		3D0E7B9F1E8B8CB500B5C9B5 /* Supporting Files */ = {
			isa = PBXGroup;
			children = (
				3D0E7B901E8B8C8A00B5C9B5 /* AppDelegate.h */,
				3D0E7B911E8B8C8A00B5C9B5 /* AppDelegate.m */,
				3D0E7B8E1E8B8C8A00B5C9B5 /* main.m */,
				3D0E7B9E1E8B8C8A00B5C9B5 /* Info.plist */,
			);
			name = "Supporting Files";
			sourceTree = "<group>";
		};
		3D0E7BA01E8B8CBE00B5C9B5 /* Controllers */ = {
			isa = PBXGroup;
			children = (
				3D0E7B931E8B8C8A00B5C9B5 /* DashboardViewController.h */,
				3D0E7B941E8B8C8A00B5C9B5 /* DashboardViewController.m */,
				3D0E7BA61E8B8D0000B5C9B5 /* ConfigurationViewController.h */,
				3D0E7BA71E8B8D0000B5C9B5 /* ConfigurationViewController.m */,
				3D0E7BA81E8B8D1000B5C9B5 /* EntitySettingsViewController.h */,
				3D0E7BA91E8B8D1000B5C9B5 /* EntitySettingsViewController.m */,
				6AC2054CD35CC03BF682AD52 /* EntitySelectionViewController.h */,
				79BABE2B14F6CD66E0DA5967 /* EntitySelectionViewController.m */,
				06D8AE62F95F48BBBDF5D653 /* CustomPopupViewController.h */,
				995AE90E56A5453ABD549115 /* CustomPopupViewController.m */,
				1F2E3D4C5B6A7890FEDCBA98 /* ImagePreviewViewController.h */,
				9A8B7C6D5E4F321098765432 /* ImagePreviewViewController.m */,
			);
			name = Controllers;
			sourceTree = "<group>";
		};
		3D0E7BA11E8B8CC400B5C9B5 /* Views */ = {
			isa = PBXGroup;
			children = (
				3D0E7B961E8B8C8A00B5C9B5 /* Main.storyboard */,
				3D0E7B9B1E8B8C8A00B5C9B5 /* LaunchScreen.storyboard */,
				3D0E7B991E8B8C8A00B5C9B5 /* Assets.xcassets */,
				3D0E7BAA1E8B8D2000B5C9B5 /* EntityCardCell.h */,
				3D0E7BAB1E8B8D2000B5C9B5 /* EntityCardCell.m */,
				976E357ACEFD4CC5BF1FE136 /* WhiteboardGridLayout.h */,
				B9DF490689F84031B2F93DC1 /* WhiteboardGridLayout.m */,
				8B2B8828AE574835A0C14CB4 /* EmptyGridSlotView.h */,
				7DEB6D15C6AE48B4945C75C2 /* EmptyGridSlotView.m */,
			
				1EDE433C386E9500D09D09A4 /* AlarmControlPanelView.h */,
				FD9DEC8A63D5355D17924751 /* AlarmControlPanelView.m */,
				AC7722654A54C4E91AA81380 /* AutomationView.h */,
				862E262D3CC979BCE826829B /* AutomationView.m */,
				43606C4EC8A40B1E01739D8C /* BaseEntityView.h */,
				F5E55F5E7259C2999270974E /* BaseEntityView.m */,
				3D6F0CE74007AEC82067EDBB /* BinarySensorView.h */,
				1BF4602B3F44DCB263AE0366 /* BinarySensorView.m */,
				B9C9EC2DC245A613F0E18D51 /* CameraView.h */,
				A09D26053266C0959BDF9205 /* CameraView.m */,
				B1C6701007859CED2074E240 /* ClimateView.h */,
				4B0AFD6A1662B6B0C5FDD5F6 /* ClimateView.m */,
				BD2CAC8B3A24A9F552B53D6C /* CoverView.h */,
				B0CB8A9E41FC93F7DA431663 /* CoverView.m */,
				8BBDEF70412EC2F78B68A6A4 /* EntityViewFactory.h */,
				DD03824587A888284E69E8F6 /* EntityViewFactory.m */,
				F61E49ACCF62EDD9A5404B8E /* FanView.h */,
				E731A3EBB8B9B75E8F532AF7 /* FanView.m */,
				4A6DE92CBC2B0CA9D5599ACA /* HumidifierView.h */,
				0A619C9F0DA7BA78D9ACD559 /* HumidifierView.m */,
				7B200C8F157E7B3B9C60104C /* InputBooleanView.h */,
				BDB26292D0CC8CA5B0BD89C7 /* InputBooleanView.m */,
				2D83FF2555CEFBFC45282F64 /* InputDateTimeView.h */,
				C368A09C2D94457AF6B7DAF6 /* InputDateTimeView.m */,
				339BD4AE95F236ABBE69BB6E /* InputNumberView.h */,
				2596218CA6EADD82BEA15BF0 /* InputNumberView.m */,
				430E707E3EF611E1A2D6680E /* InputSelectView.h */,
				6C51A9C0408015A4A61913C1 /* InputSelectView.m */,
				011044670A0829235A23B629 /* LightView.h */,
				1B44DC521C963F02F4FEB303 /* LightView.m */,
				8B638D31DB8DD8DB92F59214 /* LockView.h */,
				9D70DC13315C31C3826B5F26 /* LockView.m */,
				01C41DB8698DF748011D61AA /* MediaPlayerView.h */,
				460C368E5B68EBE7184A377C /* MediaPlayerView.m */,
				91005A36DEDD1EBD7C28534D /* PersonView.h */,
				BC588A11CB8AA2E40AC35109 /* PersonView.m */,
				74BF5D4F1EF3B38008B96F90 /* SceneView.h */,
				F76FC9D2C7AF57A911B6A8B3 /* SceneView.m */,
				58617CF80331169F581CF612 /* ScriptView.h */,
				96274AECC49B61F39B9AD5E7 /* ScriptView.m */,
				AAAE386EB61204D7F15859BC /* SensorView.h */,
				79FC9030CA4A69AAA52719D9 /* SensorView.m */,
				172B30683C754DF3C86A80BA /* SwitchView.h */,
				4B5AFEE5F4864B21F6D75288 /* SwitchView.m */,
				1B6A18AF35129CD4477728AA /* UIColor+HAiPAD.h */,
				A31EC81C8C8BF6AF0A067B05 /* UIColor+HAiPAD.m */,
);
			name = Views;
			sourceTree = "<group>";
		};
		3D0E7BA21E8B8CCC00B5C9B5 /* Models */ = {
			isa = PBXGroup;
			children = (
				3D0E7BA31E8B8CEA00B5C9B5 /* HomeAssistantClient.h */,
				3D0E7BA41E8B8CEA00B5C9B5 /* HomeAssistantClient.m */,
			);
			name = Models;
			sourceTree = "<group>";
		};
/* End PBXGroup section */

/* Begin PBXNativeTarget section */
		3D0E7B891E8B8C8A00B5C9B5 /* HAiPAD */ = {
			isa = PBXNativeTarget;
			buildConfigurationList = 3D0E7BA11E8B8C8A00B5C9B5 /* Build configuration list for PBXNativeTarget "HAiPAD" */;
			buildPhases = (
				3D0E7B861E8B8C8A00B5C9B5 /* Sources */,
				3D0E7B871E8B8C8A00B5C9B5 /* Frameworks */,
				3D0E7B881E8B8C8A00B5C9B5 /* Resources */,
			);
			buildRules = (
			);
			dependencies = (
			);
			name = HAiPAD;
			productName = HAiPAD;
			productReference = 3D0E7B8A1E8B8C8A00B5C9B5 /* HAiPAD.app */;
			productType = "com.apple.product-type.application";
		};
/* End PBXNativeTarget section */

/* Begin PBXProject section */
		3D0E7B821E8B8C8A00B5C9B5 /* Project object */ = {
			isa = PBXProject;
			attributes = {
				LastUpgradeCheck = 1500;
				ORGANIZATIONNAME = HAiPAD;
				TargetAttributes = {
					3D0E7B891E8B8C8A00B5C9B5 = {
						CreatedOnToolsVersion = 8.2.1;
						ProvisioningStyle = Automatic;
					};
				};
			};
			buildConfigurationList = 3D0E7B851E8B8C8A00B5C9B5 /* Build configuration list for PBXProject "HAiPAD" */;
			compatibilityVersion = "Xcode 9.3";
			developmentRegion = English;
			hasScannedForEncodings = 0;
			knownRegions = (
				English,
				en,
				Base,
			);
			mainGroup = 3D0E7B811E8B8C8A00B5C9B5;
			productRefGroup = 3D0E7B8B1E8B8C8A00B5C9B5 /* Products */;
			projectDirPath = "";
			projectRoot = "";
			targets = (
				3D0E7B891E8B8C8A00B5C9B5 /* HAiPAD */,
			);
		};
/* End PBXProject section */

/* Begin PBXResourcesBuildPhase section */
		3D0E7B881E8B8C8A00B5C9B5 /* Resources */ = {
			isa = PBXResourcesBuildPhase;
			buildActionMask = 2147483647;
			files = (
				3D0E7B9D1E8B8C8A00B5C9B5 /* LaunchScreen.storyboard in Resources */,
				3D0E7B9A1E8B8C8A00B5C9B5 /* Assets.xcassets in Resources */,
				3D0E7B981E8B8C8A00B5C9B5 /* Main.storyboard in Resources */,
			);
			runOnlyForDeploymentPostprocessing = 0;
		};
/* End PBXResourcesBuildPhase section */

/* Begin PBXSourcesBuildPhase section */
		3D0E7B861E8B8C8A00B5C9B5 /* Sources */ = {
			isa = PBXSourcesBuildPhase;
			buildActionMask = 2147483647;
			files = (
				3D0E7B951E8B8C8A00B5C9B5 /* DashboardViewController.m in Sources */,
				3D0E7BA51E8B8CEA00B5C9B5 /* HomeAssistantClient.m in Sources */,
				3D0E7B921E8B8C8A00B5C9B5 /* AppDelegate.m in Sources */,
				3D0E7BA81E8B8D0000B5C9B5 /* ConfigurationViewController.m in Sources */,
				3D0E7BAA1E8B8D1000B5C9B5 /* EntitySettingsViewController.m in Sources */,
				3D0E7BAC1E8B8D2000B5C9B5 /* EntityCardCell.m in Sources */,
				98512429CFCFD3E80AA01292 /* EntitySelectionViewController.m in Sources */,
				F44165B1A84A4431BB5BA8F2 /* CustomPopupViewController.m in Sources */,
				074FF8890754473B9C791351 /* WhiteboardGridLayout.m in Sources */,
				F64654EC7D5144F95BF829D9 /* EmptyGridSlotView.m in Sources */,
				A1B2C3D4E5F6789012345678 /* ImagePreviewViewController.m in Sources */,
				3D0E7B8F1E8B8C8A00B5C9B5 /* main.m in Sources */,
			
				0F295A529CC4D88D1E529924 /* AlarmControlPanelView.m in Sources */,
				DC2A7B5FA11E7DC94C9D495C /* AutomationView.m in Sources */,
				CBE336772925873B6946E476 /* BaseEntityView.m in Sources */,
				5EDACB10429C832C99171F58 /* BinarySensorView.m in Sources */,
				16529329BCD541BFD8B55F26 /* CameraView.m in Sources */,
				3B8733D947549ECE9E755891 /* ClimateView.m in Sources */,
				E58BCACE9E39E492BCDA9D7C /* CoverView.m in Sources */,
				D1530D5E19A984EA62CDBA12 /* EntityViewFactory.m in Sources */,
				3A19937A03AED870FA11417F /* FanView.m in Sources */,
				614F2ED2EB71F18E8836818C /* HumidifierView.m in Sources */,
				F57DA41F15AE904E92A95A13 /* InputBooleanView.m in Sources */,
				2D97750BDEE8DF0225D23AFF /* InputDateTimeView.m in Sources */,
				DDD1845EBC89DF95EE662A69 /* InputNumberView.m in Sources */,
				615E411B44B572D3A8267F1B /* InputSelectView.m in Sources */,
				7D2F6E7EF2A04190BE440EFD /* LightView.m in Sources */,
				D70599A9D8AF2EDDDB9D7FEF /* LockView.m in Sources */,
				7AE403FF41EBED93380FDE4F /* MediaPlayerView.m in Sources */,
				877E5D641A8E7EECFC343B69 /* PersonView.m in Sources */,
				02467A49F0C7F43CA650103F /* SceneView.m in Sources */,
				859A5A840CE362F830F20089 /* ScriptView.m in Sources */,
				4D955742EFBD8B4617AFA3A5 /* SensorView.m in Sources */,
				C1748F9B99A04D0B61328DF0 /* SwitchView.m in Sources */,
				C425D5A7C329ADA2AD3364D7 /* UIColor+HAiPAD.m in Sources */,
);
			runOnlyForDeploymentPostprocessing = 0;
		};
/* End PBXSourcesBuildPhase section */

/* Begin PBXVariantGroup section */
		3D0E7B961E8B8C8A00B5C9B5 /* Main.storyboard */ = {
			isa = PBXVariantGroup;
			children = (
				3D0E7B971E8B8C8A00B5C9B5 /* Base */,
			);
			name = Main.storyboard;
			sourceTree = "<group>";
		};
		3D0E7B9B1E8B8C8A00B5C9B5 /* LaunchScreen.storyboard */ = {
			isa = PBXVariantGroup;
			children = (
				3D0E7B9C1E8B8C8A00B5C9B5 /* Base */,
			);
			name = LaunchScreen.storyboard;
			sourceTree = "<group>";
		};
/* End PBXVariantGroup section */

/* Begin XCBuildConfiguration section */
		3D0E7B9F1E8B8C8A00B5C9B5 /* Debug */ = {
			isa = XCBuildConfiguration;
			buildSettings = {
				ALWAYS_SEARCH_USER_PATHS = NO;
				CLANG_ANALYZER_NONNULL = YES;
				CLANG_CXX_LANGUAGE_STANDARD = "gnu++0x";
				CLANG_CXX_LIBRARY = "libc++";
				CLANG_ENABLE_MODULES = YES;
				CLANG_ENABLE_OBJC_ARC = YES;
				CLANG_WARN_BOOL_CONVERSION = YES;
				CLANG_WARN_CONSTANT_CONVERSION = YES;
				CLANG_WARN_DIRECT_OBJC_ISA_USAGE = YES_ERROR;
				CLANG_WARN_DOCUMENTATION_COMMENTS = YES;
				CLANG_WARN_EMPTY_BODY = YES;
				CLANG_WARN_ENUM_CONVERSION = YES;
				CLANG_WARN_INFINITE_RECURSION = YES;
				CLANG_WARN_INT_CONVERSION = YES;
				CLANG_WARN_OBJC_IMPLICIT_RETAIN_SELF = YES;
				CLANG_WARN_OBJC_ROOT_CLASS = YES_ERROR;
				CLANG_WARN_QUOTED_INCLUDE_IN_FRAMEWORK_HEADER = YES;
				CLANG_WARN_SUSPICIOUS_MOVE = YES;
				CLANG_WARN_UNREACHABLE_CODE = YES;
				CLANG_WARN__DUPLICATE_METHOD_MATCH = YES;
				"CODE_SIGN_IDENTITY[sdk=iphoneos*]" = "iPhone Developer";
				COPY_PHASE_STRIP = NO;
				DEBUG_INFORMATION_FORMAT = dwarf;
				ENABLE_STRICT_OBJC_MSGSEND = YES;
				ENABLE_TESTABILITY = YES;
				GCC_C_LANGUAGE_STANDARD = gnu99;
				GCC_DYNAMIC_NO_PIC = NO;
				GCC_NO_COMMON_BLOCKS = YES;
				GCC_OPTIMIZATION_LEVEL = 0;
				GCC_PREPROCESSOR_DEFINITIONS = (
					"DEBUG=1",
					"$(inherited)",
				);
				GCC_WARN_64_TO_32_BIT_CONVERSION = YES;
				GCC_WARN_ABOUT_RETURN_TYPE = YES_ERROR;
				GCC_WARN_UNDECLARED_SELECTOR = YES;
				GCC_WARN_UNINITIALIZED_AUTOS = YES_AGGRESSIVE;
				GCC_WARN_UNUSED_FUNCTION = YES;
				GCC_WARN_UNUSED_VARIABLE = YES;
				IPHONEOS_DEPLOYMENT_TARGET = 9.3;
				MTL_ENABLE_DEBUG_INFO = YES;
				ONLY_ACTIVE_ARCH = YES;
				SDKROOT = iphoneos;
				TARGETED_DEVICE_FAMILY = "1,2";
			};
			name = Debug;
		};
		3D0E7BA01E8B8C8A00B5C9B5 /* Release */ = {
			isa = XCBuildConfiguration;
			buildSettings = {
				ALWAYS_SEARCH_USER_PATHS = NO;
				CLANG_ANALYZER_NONNULL = YES;
				CLANG_CXX_LANGUAGE_STANDARD = "gnu++0x";
				CLANG_CXX_LIBRARY = "libc++";
				CLANG_ENABLE_MODULES = YES;
				CLANG_ENABLE_OBJC_ARC = YES;
				CLANG_WARN_BOOL_CONVERSION = YES;
				CLANG_WARN_CONSTANT_CONVERSION = YES;
				CLANG_WARN_DIRECT_OBJC_ISA_USAGE = YES_ERROR;
				CLANG_WARN_DOCUMENTATION_COMMENTS = YES;
				CLANG_WARN_EMPTY_BODY = YES;
				CLANG_WARN_ENUM_CONVERSION = YES;
				CLANG_WARN_INFINITE_RECURSION = YES;
				CLANG_WARN_INT_CONVERSION = YES;
				CLANG_WARN_OBJC_IMPLICIT_RETAIN_SELF = YES;
				CLANG_WARN_OBJC_ROOT_CLASS = YES_ERROR;
				CLANG_WARN_QUOTED_INCLUDE_IN_FRAMEWORK_HEADER = YES;
				CLANG_WARN_SUSPICIOUS_MOVE = YES;
				CLANG_WARN_UNREACHABLE_CODE = YES;
				CLANG_WARN__DUPLICATE_METHOD_MATCH = YES;
				"CODE_SIGN_IDENTITY[sdk=iphoneos*]" = "iPhone Developer";
				COPY_PHASE_STRIP = NO;
				DEBUG_INFORMATION_FORMAT = "dwarf-with-dsym";
				ENABLE_NS_ASSERTIONS = NO;
				ENABLE_STRICT_OBJC_MSGSEND = YES;
				GCC_C_LANGUAGE_STANDARD = gnu99;
				GCC_NO_COMMON_BLOCKS = YES;
				GCC_WARN_64_TO_32_BIT_CONVERSION = YES;
				GCC_WARN_ABOUT_RETURN_TYPE = YES_ERROR;
				GCC_WARN_UNDECLARED_SELECTOR = YES;
				GCC_WARN_UNINITIALIZED_AUTOS = YES_AGGRESSIVE;
				GCC_WARN_UNUSED_FUNCTION = YES;
				GCC_WARN_UNUSED_VARIABLE = YES;
				IPHONEOS_DEPLOYMENT_TARGET = 9.3;
				MTL_ENABLE_DEBUG_INFO = NO;
				SDKROOT = iphoneos;
				TARGETED_DEVICE_FAMILY = "1,2";
				VALIDATE_PRODUCT = YES;
			};
			name = Release;
		};
		3D0E7BA21E8B8C8A00B5C9B5 /* Debug */ = {
			isa = XCBuildConfiguration;
			buildSettings = {
				ASSETCATALOG_COMPILER_APPICON_NAME = AppIcon;
				DEVELOPMENT_TEAM = HT756UXLBN;
				INFOPLIST_FILE = HAiPAD/Info.plist;
				IPHONEOS_DEPLOYMENT_TARGET = 9.3;
				LD_RUNPATH_SEARCH_PATHS = (
					"$(inherited)",
					"@executable_path/Frameworks",
				);
				PRODUCT_BUNDLE_IDENTIFIER = com.haipad.homeassistant;
				PRODUCT_NAME = "$(TARGET_NAME)";
			};
			name = Debug;
		};
		3D0E7BA31E8B8C8A00B5C9B5 /* Release */ = {
			isa = XCBuildConfiguration;
			buildSettings = {
				ASSETCATALOG_COMPILER_APPICON_NAME = AppIcon;
				DEVELOPMENT_TEAM = HT756UXLBN;
				INFOPLIST_FILE = HAiPAD/Info.plist;
				IPHONEOS_DEPLOYMENT_TARGET = 9.3;
				LD_RUNPATH_SEARCH_PATHS = (
					"$(inherited)",
					"@executable_path/Frameworks",
				);
				PRODUCT_BUNDLE_IDENTIFIER = com.haipad.homeassistant;
				PRODUCT_NAME = "$(TARGET_NAME)";
			};
			name = Release;
		};
/* End XCBuildConfiguration section */

/* Begin XCConfigurationList section */
		3D0E7B851E8B8C8A00B5C9B5 /* Build configuration list for PBXProject "HAiPAD" */ = {
			isa = XCConfigurationList;
			buildConfigurations = (
				3D0E7B9F1E8B8C8A00B5C9B5 /* Debug */,
				3D0E7BA01E8B8C8A00B5C9B5 /* Release */,
			);
			defaultConfigurationIsVisible = 0;
			defaultConfigurationName = Release;
		};
		3D0E7BA11E8B8C8A00B5C9B5 /* Build configuration list for PBXNativeTarget "HAiPAD" */ = {
			isa = XCConfigurationList;
			buildConfigurations = (
				3D0E7BA21E8B8C8A00B5C9B5 /* Debug */,
				3D0E7BA31E8B8C8A00B5C9B5 /* Release */,
			);
			defaultConfigurationIsVisible = 0;
			defaultConfigurationName = Release;
		};
/* End XCConfigurationList section */
	};
	rootObject = 3D0E7B821E8B8C8A00B5C9B5 /* Project object */;
}
