// !$*UTF8*$!
{
	archiveVersion = 1;
	classes = {
	};
	objectVersion = 46;
	objects = {

/* Begin PBXBuildFile section */
		3D0E7B8F1E8B8C8A00B5C9B5 /* main.m in Sources */ = {isa = PBXBuildFile; fileRef = 3D0E7B8E1E8B8C8A00B5C9B5 /* main.m */; };
		3D0E7B921E8B8C8A00B5C9B5 /* AppDelegate.m in Sources */ = {isa = PBXBuildFile; fileRef = 3D0E7B911E8B8C8A00B5C9B5 /* AppDelegate.m */; };
		3D0E7B951E8B8C8A00B5C9B5 /* DashboardViewController.m in Sources */ = {isa = PBXBuildFile; fileRef = 3D0E7B941E8B8C8A00B5C9B5 /* DashboardViewController.m */; };
		3D0E7B981E8B8C8A00B5C9B5 /* Main.storyboard in Resources */ = {isa = PBXBuildFile; fileRef = 3D0E7B961E8B8C8A00B5C9B5 /* Main.storyboard */; };
		3D0E7B9A1E8B8C8A00B5C9B5 /* Assets.xcassets in Resources */ = {isa = PBXBuildFile; fileRef = 3D0E7B991E8B8C8A00B5C9B5 /* Assets.xcassets */; };
		3D0E7B9D1E8B8C8A00B5C9B5 /* LaunchScreen.storyboard in Resources */ = {isa = PBXBuildFile; fileRef = 3D0E7B9B1E8B8C8A00B5C9B5 /* LaunchScreen.storyboard */; };
		3D0E7BA51E8B8CEA00B5C9B5 /* HomeAssistantClient.m in Sources */ = {isa = PBXBuildFile; fileRef = 3D0E7BA41E8B8CEA00B5C9B5 /* HomeAssistantClient.m */; };
		3D0E7BA81E8B8D0000B5C9B5 /* ConfigurationViewController.m in Sources */ = {isa = PBXBuildFile; fileRef = 3D0E7BA71E8B8D0000B5C9B5 /* ConfigurationViewController.m */; };
/* End PBXBuildFile section */

/* Begin PBXFileReference section */
		3D0E7B8A1E8B8C8A00B5C9B5 /* HAiPAD.app */ = {isa = PBXFileReference; explicitFileType = wrapper.application; includeInIndex = 0; path = HAiPAD.app; sourceTree = BUILT_PRODUCTS_DIR; };
		3D0E7B8E1E8B8C8A00B5C9B5 /* main.m */ = {isa = PBXFileReference; lastKnownFileType = sourcecode.c.objc; path = main.m; sourceTree = "<group>"; };
		3D0E7B901E8B8C8A00B5C9B5 /* AppDelegate.h */ = {isa = PBXFileReference; lastKnownFileType = sourcecode.c.h; path = AppDelegate.h; sourceTree = "<group>"; };
		3D0E7B911E8B8C8A00B5C9B5 /* AppDelegate.m */ = {isa = PBXFileReference; lastKnownFileType = sourcecode.c.objc; path = AppDelegate.m; sourceTree = "<group>"; };
		3D0E7B931E8B8C8A00B5C9B5 /* DashboardViewController.h */ = {isa = PBXFileReference; lastKnownFileType = sourcecode.c.h; path = DashboardViewController.h; sourceTree = "<group>"; };
		3D0E7B941E8B8C8A00B5C9B5 /* DashboardViewController.m */ = {isa = PBXFileReference; lastKnownFileType = sourcecode.c.objc; path = DashboardViewController.m; sourceTree = "<group>"; };
		3D0E7B971E8B8C8A00B5C9B5 /* Base */ = {isa = PBXFileReference; lastKnownFileType = file.storyboard; name = Base; path = Base.lproj/Main.storyboard; sourceTree = "<group>"; };
		3D0E7B991E8B8C8A00B5C9B5 /* Assets.xcassets */ = {isa = PBXFileReference; lastKnownFileType = folder.assetcatalog; path = Assets.xcassets; sourceTree = "<group>"; };
		3D0E7B9C1E8B8C8A00B5C9B5 /* Base */ = {isa = PBXFileReference; lastKnownFileType = file.storyboard; name = Base; path = Base.lproj/LaunchScreen.storyboard; sourceTree = "<group>"; };
		3D0E7B9E1E8B8C8A00B5C9B5 /* Info.plist */ = {isa = PBXFileReference; lastKnownFileType = text.plist.xml; path = Info.plist; sourceTree = "<group>"; };
		3D0E7BA31E8B8CEA00B5C9B5 /* HomeAssistantClient.h */ = {isa = PBXFileReference; lastKnownFileType = sourcecode.c.h; path = HomeAssistantClient.h; sourceTree = "<group>"; };
		3D0E7BA41E8B8CEA00B5C9B5 /* HomeAssistantClient.m */ = {isa = PBXFileReference; lastKnownFileType = sourcecode.c.objc; path = HomeAssistantClient.m; sourceTree = "<group>"; };
		3D0E7BA61E8B8D0000B5C9B5 /* ConfigurationViewController.h */ = {isa = PBXFileReference; lastKnownFileType = sourcecode.c.h; path = ConfigurationViewController.h; sourceTree = "<group>"; };
		3D0E7BA71E8B8D0000B5C9B5 /* ConfigurationViewController.m */ = {isa = PBXFileReference; lastKnownFileType = sourcecode.c.objc; path = ConfigurationViewController.m; sourceTree = "<group>"; };
/* End PBXFileReference section */

/* Begin PBXFrameworksBuildPhase section */
		3D0E7B871E8B8C8A00B5C9B5 /* Frameworks */ = {
			isa = PBXFrameworksBuildPhase;
			buildActionMask = 2147483647;
			files = (
			);
			runOnlyForDeploymentPostprocessing = 0;
		};
/* End PBXFrameworksBuildPhase section */

/* Begin PBXGroup section */
		3D0E7B811E8B8C8A00B5C9B5 = {
			isa = PBXGroup;
			children = (
				3D0E7B8C1E8B8C8A00B5C9B5 /* HAiPAD */,
				3D0E7B8B1E8B8C8A00B5C9B5 /* Products */,
			);
			sourceTree = "<group>";
		};
		3D0E7B8B1E8B8C8A00B5C9B5 /* Products */ = {
			isa = PBXGroup;
			children = (
				3D0E7B8A1E8B8C8A00B5C9B5 /* HAiPAD.app */,
			);
			name = Products;
			sourceTree = "<group>";
		};
		3D0E7B8C1E8B8C8A00B5C9B5 /* HAiPAD */ = {
			isa = PBXGroup;
			children = (
				3D0E7BA21E8B8CCC00B5C9B5 /* Models */,
				3D0E7BA11E8B8CC400B5C9B5 /* Views */,
				3D0E7BA01E8B8CBE00B5C9B5 /* Controllers */,
				3D0E7B9F1E8B8CB500B5C9B5 /* Supporting Files */,
			);
			path = HAiPAD;
			sourceTree = "<group>";
		};
		3D0E7B9F1E8B8CB500B5C9B5 /* Supporting Files */ = {
			isa = PBXGroup;
			children = (
				3D0E7B901E8B8C8A00B5C9B5 /* AppDelegate.h */,
				3D0E7B911E8B8C8A00B5C9B5 /* AppDelegate.m */,
				3D0E7B8E1E8B8C8A00B5C9B5 /* main.m */,
				3D0E7B9E1E8B8C8A00B5C9B5 /* Info.plist */,
			);
			name = "Supporting Files";
			sourceTree = "<group>";
		};
		3D0E7BA01E8B8CBE00B5C9B5 /* Controllers */ = {
			isa = PBXGroup;
			children = (
				3D0E7B931E8B8C8A00B5C9B5 /* DashboardViewController.h */,
				3D0E7B941E8B8C8A00B5C9B5 /* DashboardViewController.m */,
				3D0E7BA61E8B8D0000B5C9B5 /* ConfigurationViewController.h */,
				3D0E7BA71E8B8D0000B5C9B5 /* ConfigurationViewController.m */,
			);
			name = Controllers;
			sourceTree = "<group>";
		};
		3D0E7BA11E8B8CC400B5C9B5 /* Views */ = {
			isa = PBXGroup;
			children = (
				3D0E7B961E8B8C8A00B5C9B5 /* Main.storyboard */,
				3D0E7B9B1E8B8C8A00B5C9B5 /* LaunchScreen.storyboard */,
				3D0E7B991E8B8C8A00B5C9B5 /* Assets.xcassets */,
			);
			name = Views;
			sourceTree = "<group>";
		};
		3D0E7BA21E8B8CCC00B5C9B5 /* Models */ = {
			isa = PBXGroup;
			children = (
				3D0E7BA31E8B8CEA00B5C9B5 /* HomeAssistantClient.h */,
				3D0E7BA41E8B8CEA00B5C9B5 /* HomeAssistantClient.m */,
			);
			name = Models;
			sourceTree = "<group>";
		};
/* End PBXGroup section */

/* Begin PBXNativeTarget section */
		3D0E7B891E8B8C8A00B5C9B5 /* HAiPAD */ = {
			isa = PBXNativeTarget;
			buildConfigurationList = 3D0E7BA11E8B8C8A00B5C9B5 /* Build configuration list for PBXNativeTarget "HAiPAD" */;
			buildPhases = (
				3D0E7B861E8B8C8A00B5C9B5 /* Sources */,
				3D0E7B871E8B8C8A00B5C9B5 /* Frameworks */,
				3D0E7B881E8B8C8A00B5C9B5 /* Resources */,
			);
			buildRules = (
			);
			dependencies = (
			);
			name = HAiPAD;
			productName = HAiPAD;
			productReference = 3D0E7B8A1E8B8C8A00B5C9B5 /* HAiPAD.app */;
			productType = "com.apple.product-type.application";
		};
/* End PBXNativeTarget section */

/* Begin PBXProject section */
		3D0E7B821E8B8C8A00B5C9B5 /* Project object */ = {
			isa = PBXProject;
			attributes = {
				LastUpgradeCheck = 0820;
				ORGANIZATIONNAME = "HAiPAD";
				TargetAttributes = {
					3D0E7B891E8B8C8A00B5C9B5 = {
						CreatedOnToolsVersion = 8.2.1;
						DevelopmentTeam = "";
						ProvisioningStyle = Automatic;
					};
				};
			};
			buildConfigurationList = 3D0E7B851E8B8C8A00B5C9B5 /* Build configuration list for PBXProject "HAiPAD" */;
			compatibilityVersion = "Xcode 3.2";
			developmentRegion = English;
			hasScannedForEncodings = 0;
			knownRegions = (
				en,
				Base,
			);
			mainGroup = 3D0E7B811E8B8C8A00B5C9B5;
			productRefGroup = 3D0E7B8B1E8B8C8A00B5C9B5 /* Products */;
			projectDirPath = "";
			projectRoot = "";
			targets = (
				3D0E7B891E8B8C8A00B5C9B5 /* HAiPAD */,
			);
		};
/* End PBXProject section */

/* Begin PBXResourcesBuildPhase section */
		3D0E7B881E8B8C8A00B5C9B5 /* Resources */ = {
			isa = PBXResourcesBuildPhase;
			buildActionMask = 2147483647;
			files = (
				3D0E7B9D1E8B8C8A00B5C9B5 /* LaunchScreen.storyboard in Resources */,
				3D0E7B9A1E8B8C8A00B5C9B5 /* Assets.xcassets in Resources */,
				3D0E7B981E8B8C8A00B5C9B5 /* Main.storyboard in Resources */,
			);
			runOnlyForDeploymentPostprocessing = 0;
		};
/* End PBXResourcesBuildPhase section */

/* Begin PBXSourcesBuildPhase section */
		3D0E7B861E8B8C8A00B5C9B5 /* Sources */ = {
			isa = PBXSourcesBuildPhase;
			buildActionMask = 2147483647;
			files = (
				3D0E7B951E8B8C8A00B5C9B5 /* DashboardViewController.m in Sources */,
				3D0E7BA51E8B8CEA00B5C9B5 /* HomeAssistantClient.m in Sources */,
				3D0E7B921E8B8C8A00B5C9B5 /* AppDelegate.m in Sources */,
				3D0E7BA81E8B8D0000B5C9B5 /* ConfigurationViewController.m in Sources */,
				3D0E7B8F1E8B8C8A00B5C9B5 /* main.m in Sources */,
			);
			runOnlyForDeploymentPostprocessing = 0;
		};
/* End PBXSourcesBuildPhase section */

/* Begin PBXVariantGroup section */
		3D0E7B961E8B8C8A00B5C9B5 /* Main.storyboard */ = {
			isa = PBXVariantGroup;
			children = (
				3D0E7B971E8B8C8A00B5C9B5 /* Base */,
			);
			name = Main.storyboard;
			sourceTree = "<group>";
		};
		3D0E7B9B1E8B8C8A00B5C9B5 /* LaunchScreen.storyboard */ = {
			isa = PBXVariantGroup;
			children = (
				3D0E7B9C1E8B8C8A00B5C9B5 /* Base */,
			);
			name = LaunchScreen.storyboard;
			sourceTree = "<group>";
		};
/* End PBXVariantGroup section */

/* Begin XCBuildConfiguration section */
		3D0E7B9F1E8B8C8A00B5C9B5 /* Debug */ = {
			isa = XCBuildConfiguration;
			buildSettings = {
				ALWAYS_SEARCH_USER_PATHS = NO;
				CLANG_ANALYZER_NONNULL = YES;
				CLANG_CXX_LANGUAGE_STANDARD = "gnu++0x";
				CLANG_CXX_LIBRARY = "libc++";
				CLANG_ENABLE_MODULES = YES;
				CLANG_ENABLE_OBJC_ARC = YES;
				CLANG_WARN_BOOL_CONVERSION = YES;
				CLANG_WARN_CONSTANT_CONVERSION = YES;
				CLANG_WARN_DIRECT_OBJC_ISA_USAGE = YES_ERROR;
				CLANG_WARN_DOCUMENTATION_COMMENTS = YES;
				CLANG_WARN_EMPTY_BODY = YES;
				CLANG_WARN_ENUM_CONVERSION = YES;
				CLANG_WARN_INFINITE_RECURSION = YES;
				CLANG_WARN_INT_CONVERSION = YES;
				CLANG_WARN_OBJC_ROOT_CLASS = YES_ERROR;
				CLANG_WARN_SUSPICIOUS_MOVE = YES;
				CLANG_WARN_UNREACHABLE_CODE = YES;
				CLANG_WARN__DUPLICATE_METHOD_MATCH = YES;
				"CODE_SIGN_IDENTITY[sdk=iphoneos*]" = "iPhone Developer";
				COPY_PHASE_STRIP = NO;
				DEBUG_INFORMATION_FORMAT = dwarf;
				ENABLE_STRICT_OBJC_MSGSEND = YES;
				ENABLE_TESTABILITY = YES;
				GCC_C_LANGUAGE_STANDARD = gnu99;
				GCC_DYNAMIC_NO_PIC = NO;
				GCC_NO_COMMON_BLOCKS = YES;
				GCC_OPTIMIZATION_LEVEL = 0;
				GCC_PREPROCESSOR_DEFINITIONS = (
					"DEBUG=1",
					"$(inherited)",
				);
				GCC_WARN_64_TO_32_BIT_CONVERSION = YES;
				GCC_WARN_ABOUT_RETURN_TYPE = YES_ERROR;
				GCC_WARN_UNDECLARED_SELECTOR = YES;
				GCC_WARN_UNINITIALIZED_AUTOS = YES_AGGRESSIVE;
				GCC_WARN_UNUSED_FUNCTION = YES;
				GCC_WARN_UNUSED_VARIABLE = YES;
				IPHONEOS_DEPLOYMENT_TARGET = 9.3;
				MTL_ENABLE_DEBUG_INFO = YES;
				ONLY_ACTIVE_ARCH = YES;
				SDKROOT = iphoneos;
				TARGETED_DEVICE_FAMILY = "1,2";
			};
			name = Debug;
		};
		3D0E7BA01E8B8C8A00B5C9B5 /* Release */ = {
			isa = XCBuildConfiguration;
			buildSettings = {
				ALWAYS_SEARCH_USER_PATHS = NO;
				CLANG_ANALYZER_NONNULL = YES;
				CLANG_CXX_LANGUAGE_STANDARD = "gnu++0x";
				CLANG_CXX_LIBRARY = "libc++";
				CLANG_ENABLE_MODULES = YES;
				CLANG_ENABLE_OBJC_ARC = YES;
				CLANG_WARN_BOOL_CONVERSION = YES;
				CLANG_WARN_CONSTANT_CONVERSION = YES;
				CLANG_WARN_DIRECT_OBJC_ISA_USAGE = YES_ERROR;
				CLANG_WARN_DOCUMENTATION_COMMENTS = YES;
				CLANG_WARN_EMPTY_BODY = YES;
				CLANG_WARN_ENUM_CONVERSION = YES;
				CLANG_WARN_INFINITE_RECURSION = YES;
				CLANG_WARN_INT_CONVERSION = YES;
				CLANG_WARN_OBJC_ROOT_CLASS = YES_ERROR;
				CLANG_WARN_SUSPICIOUS_MOVE = YES;
				CLANG_WARN_UNREACHABLE_CODE = YES;
				CLANG_WARN__DUPLICATE_METHOD_MATCH = YES;
				"CODE_SIGN_IDENTITY[sdk=iphoneos*]" = "iPhone Developer";
				COPY_PHASE_STRIP = NO;
				DEBUG_INFORMATION_FORMAT = "dwarf-with-dsym";
				ENABLE_NS_ASSERTIONS = NO;
				ENABLE_STRICT_OBJC_MSGSEND = YES;
				GCC_C_LANGUAGE_STANDARD = gnu99;
				GCC_NO_COMMON_BLOCKS = YES;
				GCC_WARN_64_TO_32_BIT_CONVERSION = YES;
				GCC_WARN_ABOUT_RETURN_TYPE = YES_ERROR;
				GCC_WARN_UNDECLARED_SELECTOR = YES;
				GCC_WARN_UNINITIALIZED_AUTOS = YES_AGGRESSIVE;
				GCC_WARN_UNUSED_FUNCTION = YES;
				GCC_WARN_UNUSED_VARIABLE = YES;
				IPHONEOS_DEPLOYMENT_TARGET = 9.3;
				MTL_ENABLE_DEBUG_INFO = NO;
				SDKROOT = iphoneos;
				TARGETED_DEVICE_FAMILY = "1,2";
				VALIDATE_PRODUCT = YES;
			};
			name = Release;
		};
		3D0E7BA21E8B8C8A00B5C9B5 /* Debug */ = {
			isa = XCBuildConfiguration;
			buildSettings = {
				ASSETCATALOG_COMPILER_APPICON_NAME = AppIcon;
				DEVELOPMENT_TEAM = "";
				INFOPLIST_FILE = HAiPAD/Info.plist;
				IPHONEOS_DEPLOYMENT_TARGET = 9.3;
				LD_RUNPATH_SEARCH_PATHS = "$(inherited) @executable_path/Frameworks";
				PRODUCT_BUNDLE_IDENTIFIER = com.haipad.homeassistant;
				PRODUCT_NAME = "$(TARGET_NAME)";
			};
			name = Debug;
		};
		3D0E7BA31E8B8C8A00B5C9B5 /* Release */ = {
			isa = XCBuildConfiguration;
			buildSettings = {
				ASSETCATALOG_COMPILER_APPICON_NAME = AppIcon;
				DEVELOPMENT_TEAM = "";
				INFOPLIST_FILE = HAiPAD/Info.plist;
				IPHONEOS_DEPLOYMENT_TARGET = 9.3;
				LD_RUNPATH_SEARCH_PATHS = "$(inherited) @executable_path/Frameworks";
				PRODUCT_BUNDLE_IDENTIFIER = com.haipad.homeassistant;
				PRODUCT_NAME = "$(TARGET_NAME)";
			};
			name = Release;
		};
/* End XCBuildConfiguration section */

/* Begin XCConfigurationList section */
		3D0E7B851E8B8C8A00B5C9B5 /* Build configuration list for PBXProject "HAiPAD" */ = {
			isa = XCConfigurationList;
			buildConfigurations = (
				3D0E7B9F1E8B8C8A00B5C9B5 /* Debug */,
				3D0E7BA01E8B8C8A00B5C9B5 /* Release */,
			);
			defaultConfigurationIsVisible = 0;
			defaultConfigurationName = Release;
		};
		3D0E7BA11E8B8C8A00B5C9B5 /* Build configuration list for PBXNativeTarget "HAiPAD" */ = {
			isa = XCConfigurationList;
			buildConfigurations = (
				3D0E7BA21E8B8C8A00B5C9B5 /* Debug */,
				3D0E7BA31E8B8C8A00B5C9B5 /* Release */,
			);
			defaultConfigurationIsVisible = 0;
			defaultConfigurationName = Release;
		};
/* End XCConfigurationList section */
	};
	rootObject = 3D0E7B821E8B8C8A00B5C9B5 /* Project object */;
}